// !$*UTF8*$!
{
	archiveVersion = 1;
	classes = {
	};
	objectVersion = 55;
	objects = {

/* Begin PBXBuildFile section */
		36C6D71D3E2FE55538178F00 /* Pods_CumulusTests.framework in Frameworks */ = {isa = PBXBuildFile; fileRef = C57F3B9320F5B22E154884B4 /* Pods_CumulusTests.framework */; };
		54DC6FC13841350D3E856EC1 /* Pods_Cumulus.framework in Frameworks */ = {isa = PBXBuildFile; fileRef = 3C1DB7F5353C02CD99D8E4D9 /* Pods_Cumulus.framework */; };
		E630CF6465062600ECA8176E /* Pods_Cumulus_CumulusUITests.framework in Frameworks */ = {isa = PBXBuildFile; fileRef = 6BED26C99CE4F63A24DEA165 /* Pods_Cumulus_CumulusUITests.framework */; };
		ED81EDAE27595DE8000CC89B /* NetworkManager.swift in Sources */ = {isa = PBXBuildFile; fileRef = ED81EDAD27595DE8000CC89B /* NetworkManager.swift */; };
		ED81EDB02759615C000CC89B /* User.swift in Sources */ = {isa = PBXBuildFile; fileRef = ED81EDAF2759615C000CC89B /* User.swift */; };
		ED81EDB4275AB1BE000CC89B /* SignUpViewController.swift in Sources */ = {isa = PBXBuildFile; fileRef = ED81EDB3275AB1BE000CC89B /* SignUpViewController.swift */; };
		ED81EDB8275ABB0B000CC89B /* MainViewController.swift in Sources */ = {isa = PBXBuildFile; fileRef = ED81EDB7275ABB0B000CC89B /* MainViewController.swift */; };
		EDA88F41274B1E5200D84AB7 /* CollectionViewCell.swift in Sources */ = {isa = PBXBuildFile; fileRef = EDA88F40274B1E5200D84AB7 /* CollectionViewCell.swift */; };
		EDA88F43274B221F00D84AB7 /* Event.swift in Sources */ = {isa = PBXBuildFile; fileRef = EDA88F42274B221F00D84AB7 /* Event.swift */; };
		EDB2694227483925009070F4 /* AppDelegate.swift in Sources */ = {isa = PBXBuildFile; fileRef = EDB2694127483925009070F4 /* AppDelegate.swift */; };
		EDB2694427483925009070F4 /* SceneDelegate.swift in Sources */ = {isa = PBXBuildFile; fileRef = EDB2694327483925009070F4 /* SceneDelegate.swift */; };
		EDB2694627483925009070F4 /* ViewController.swift in Sources */ = {isa = PBXBuildFile; fileRef = EDB2694527483925009070F4 /* ViewController.swift */; };
		EDB2694B27483926009070F4 /* Assets.xcassets in Resources */ = {isa = PBXBuildFile; fileRef = EDB2694A27483926009070F4 /* Assets.xcassets */; };
		EDB2694E27483926009070F4 /* LaunchScreen.storyboard in Resources */ = {isa = PBXBuildFile; fileRef = EDB2694C27483926009070F4 /* LaunchScreen.storyboard */; };
		EDB2695927483927009070F4 /* CumulusTests.swift in Sources */ = {isa = PBXBuildFile; fileRef = EDB2695827483927009070F4 /* CumulusTests.swift */; };
		EDB2696327483927009070F4 /* CumulusUITests.swift in Sources */ = {isa = PBXBuildFile; fileRef = EDB2696227483927009070F4 /* CumulusUITests.swift */; };
		EDB2696527483927009070F4 /* CumulusUITestsLaunchTests.swift in Sources */ = {isa = PBXBuildFile; fileRef = EDB2696427483927009070F4 /* CumulusUITestsLaunchTests.swift */; };
		F4918CAE274B2DE700F0D8C5 /* SettingsViewController.swift in Sources */ = {isa = PBXBuildFile; fileRef = F4918CAD274B2DE700F0D8C5 /* SettingsViewController.swift */; };
/* End PBXBuildFile section */

/* Begin PBXContainerItemProxy section */
		EDB2695527483927009070F4 /* PBXContainerItemProxy */ = {
			isa = PBXContainerItemProxy;
			containerPortal = EDB2693627483925009070F4 /* Project object */;
			proxyType = 1;
			remoteGlobalIDString = EDB2693D27483925009070F4;
			remoteInfo = Cumulus;
		};
		EDB2695F27483927009070F4 /* PBXContainerItemProxy */ = {
			isa = PBXContainerItemProxy;
			containerPortal = EDB2693627483925009070F4 /* Project object */;
			proxyType = 1;
			remoteGlobalIDString = EDB2693D27483925009070F4;
			remoteInfo = Cumulus;
		};
/* End PBXContainerItemProxy section */

/* Begin PBXFileReference section */
		3C1DB7F5353C02CD99D8E4D9 /* Pods_Cumulus.framework */ = {isa = PBXFileReference; explicitFileType = wrapper.framework; includeInIndex = 0; path = Pods_Cumulus.framework; sourceTree = BUILT_PRODUCTS_DIR; };
		6BED26C99CE4F63A24DEA165 /* Pods_Cumulus_CumulusUITests.framework */ = {isa = PBXFileReference; explicitFileType = wrapper.framework; includeInIndex = 0; path = Pods_Cumulus_CumulusUITests.framework; sourceTree = BUILT_PRODUCTS_DIR; };
		6F3338CDC887A29E8452ABFC /* Pods-Cumulus.debug.xcconfig */ = {isa = PBXFileReference; includeInIndex = 1; lastKnownFileType = text.xcconfig; name = "Pods-Cumulus.debug.xcconfig"; path = "Target Support Files/Pods-Cumulus/Pods-Cumulus.debug.xcconfig"; sourceTree = "<group>"; };
		7400BC7B49747BB272DFFE97 /* Pods-Cumulus-CumulusUITests.debug.xcconfig */ = {isa = PBXFileReference; includeInIndex = 1; lastKnownFileType = text.xcconfig; name = "Pods-Cumulus-CumulusUITests.debug.xcconfig"; path = "Target Support Files/Pods-Cumulus-CumulusUITests/Pods-Cumulus-CumulusUITests.debug.xcconfig"; sourceTree = "<group>"; };
		7A93AB853EC094C38F1EC783 /* Pods-Cumulus.release.xcconfig */ = {isa = PBXFileReference; includeInIndex = 1; lastKnownFileType = text.xcconfig; name = "Pods-Cumulus.release.xcconfig"; path = "Target Support Files/Pods-Cumulus/Pods-Cumulus.release.xcconfig"; sourceTree = "<group>"; };
		B4ACB0A0A333EF903F5EC3CE /* Pods-CumulusTests.release.xcconfig */ = {isa = PBXFileReference; includeInIndex = 1; lastKnownFileType = text.xcconfig; name = "Pods-CumulusTests.release.xcconfig"; path = "Target Support Files/Pods-CumulusTests/Pods-CumulusTests.release.xcconfig"; sourceTree = "<group>"; };
		BEEEBF1B35123601447AD573 /* Pods-Cumulus-CumulusUITests.release.xcconfig */ = {isa = PBXFileReference; includeInIndex = 1; lastKnownFileType = text.xcconfig; name = "Pods-Cumulus-CumulusUITests.release.xcconfig"; path = "Target Support Files/Pods-Cumulus-CumulusUITests/Pods-Cumulus-CumulusUITests.release.xcconfig"; sourceTree = "<group>"; };
		C57F3B9320F5B22E154884B4 /* Pods_CumulusTests.framework */ = {isa = PBXFileReference; explicitFileType = wrapper.framework; includeInIndex = 0; path = Pods_CumulusTests.framework; sourceTree = BUILT_PRODUCTS_DIR; };
		C95CD54BC8A2EEC0910BA8E3 /* Pods-CumulusTests.debug.xcconfig */ = {isa = PBXFileReference; includeInIndex = 1; lastKnownFileType = text.xcconfig; name = "Pods-CumulusTests.debug.xcconfig"; path = "Target Support Files/Pods-CumulusTests/Pods-CumulusTests.debug.xcconfig"; sourceTree = "<group>"; };
		ED81EDAD27595DE8000CC89B /* NetworkManager.swift */ = {isa = PBXFileReference; lastKnownFileType = sourcecode.swift; path = NetworkManager.swift; sourceTree = "<group>"; };
		ED81EDAF2759615C000CC89B /* User.swift */ = {isa = PBXFileReference; lastKnownFileType = sourcecode.swift; path = User.swift; sourceTree = "<group>"; };
		ED81EDB3275AB1BE000CC89B /* SignUpViewController.swift */ = {isa = PBXFileReference; lastKnownFileType = sourcecode.swift; path = SignUpViewController.swift; sourceTree = "<group>"; };
		ED81EDB7275ABB0B000CC89B /* MainViewController.swift */ = {isa = PBXFileReference; lastKnownFileType = sourcecode.swift; path = MainViewController.swift; sourceTree = "<group>"; };
		EDA88F40274B1E5200D84AB7 /* CollectionViewCell.swift */ = {isa = PBXFileReference; lastKnownFileType = sourcecode.swift; path = CollectionViewCell.swift; sourceTree = "<group>"; };
		EDA88F42274B221F00D84AB7 /* Event.swift */ = {isa = PBXFileReference; lastKnownFileType = sourcecode.swift; path = Event.swift; sourceTree = "<group>"; };
		EDB2693E27483925009070F4 /* Cumulus.app */ = {isa = PBXFileReference; explicitFileType = wrapper.application; includeInIndex = 0; path = Cumulus.app; sourceTree = BUILT_PRODUCTS_DIR; };
		EDB2694127483925009070F4 /* AppDelegate.swift */ = {isa = PBXFileReference; lastKnownFileType = sourcecode.swift; path = AppDelegate.swift; sourceTree = "<group>"; };
		EDB2694327483925009070F4 /* SceneDelegate.swift */ = {isa = PBXFileReference; lastKnownFileType = sourcecode.swift; path = SceneDelegate.swift; sourceTree = "<group>"; };
		EDB2694527483925009070F4 /* ViewController.swift */ = {isa = PBXFileReference; lastKnownFileType = sourcecode.swift; path = ViewController.swift; sourceTree = "<group>"; };
		EDB2694A27483926009070F4 /* Assets.xcassets */ = {isa = PBXFileReference; lastKnownFileType = folder.assetcatalog; path = Assets.xcassets; sourceTree = "<group>"; };
		EDB2694D27483926009070F4 /* Base */ = {isa = PBXFileReference; lastKnownFileType = file.storyboard; name = Base; path = Base.lproj/LaunchScreen.storyboard; sourceTree = "<group>"; };
		EDB2694F27483926009070F4 /* Info.plist */ = {isa = PBXFileReference; lastKnownFileType = text.plist.xml; path = Info.plist; sourceTree = "<group>"; };
		EDB2695427483927009070F4 /* CumulusTests.xctest */ = {isa = PBXFileReference; explicitFileType = wrapper.cfbundle; includeInIndex = 0; path = CumulusTests.xctest; sourceTree = BUILT_PRODUCTS_DIR; };
		EDB2695827483927009070F4 /* CumulusTests.swift */ = {isa = PBXFileReference; lastKnownFileType = sourcecode.swift; path = CumulusTests.swift; sourceTree = "<group>"; };
		EDB2695E27483927009070F4 /* CumulusUITests.xctest */ = {isa = PBXFileReference; explicitFileType = wrapper.cfbundle; includeInIndex = 0; path = CumulusUITests.xctest; sourceTree = BUILT_PRODUCTS_DIR; };
		EDB2696227483927009070F4 /* CumulusUITests.swift */ = {isa = PBXFileReference; lastKnownFileType = sourcecode.swift; path = CumulusUITests.swift; sourceTree = "<group>"; };
		EDB2696427483927009070F4 /* CumulusUITestsLaunchTests.swift */ = {isa = PBXFileReference; lastKnownFileType = sourcecode.swift; path = CumulusUITestsLaunchTests.swift; sourceTree = "<group>"; };
		F4918CAD274B2DE700F0D8C5 /* SettingsViewController.swift */ = {isa = PBXFileReference; lastKnownFileType = sourcecode.swift; path = SettingsViewController.swift; sourceTree = "<group>"; };
/* End PBXFileReference section */

/* Begin PBXFrameworksBuildPhase section */
		EDB2693B27483925009070F4 /* Frameworks */ = {
			isa = PBXFrameworksBuildPhase;
			buildActionMask = 2147483647;
			files = (
				54DC6FC13841350D3E856EC1 /* Pods_Cumulus.framework in Frameworks */,
			);
			runOnlyForDeploymentPostprocessing = 0;
		};
		EDB2695127483927009070F4 /* Frameworks */ = {
			isa = PBXFrameworksBuildPhase;
			buildActionMask = 2147483647;
			files = (
				36C6D71D3E2FE55538178F00 /* Pods_CumulusTests.framework in Frameworks */,
			);
			runOnlyForDeploymentPostprocessing = 0;
		};
		EDB2695B27483927009070F4 /* Frameworks */ = {
			isa = PBXFrameworksBuildPhase;
			buildActionMask = 2147483647;
			files = (
				E630CF6465062600ECA8176E /* Pods_Cumulus_CumulusUITests.framework in Frameworks */,
			);
			runOnlyForDeploymentPostprocessing = 0;
		};
/* End PBXFrameworksBuildPhase section */

/* Begin PBXGroup section */
		8F2C1105E82B0EEDFE6D621E /* Pods */ = {
			isa = PBXGroup;
			children = (
				6F3338CDC887A29E8452ABFC /* Pods-Cumulus.debug.xcconfig */,
				7A93AB853EC094C38F1EC783 /* Pods-Cumulus.release.xcconfig */,
				7400BC7B49747BB272DFFE97 /* Pods-Cumulus-CumulusUITests.debug.xcconfig */,
				BEEEBF1B35123601447AD573 /* Pods-Cumulus-CumulusUITests.release.xcconfig */,
				C95CD54BC8A2EEC0910BA8E3 /* Pods-CumulusTests.debug.xcconfig */,
				B4ACB0A0A333EF903F5EC3CE /* Pods-CumulusTests.release.xcconfig */,
			);
			path = Pods;
			sourceTree = "<group>";
		};
		E77584DAB935290883B16890 /* Frameworks */ = {
			isa = PBXGroup;
			children = (
				3C1DB7F5353C02CD99D8E4D9 /* Pods_Cumulus.framework */,
				6BED26C99CE4F63A24DEA165 /* Pods_Cumulus_CumulusUITests.framework */,
				C57F3B9320F5B22E154884B4 /* Pods_CumulusTests.framework */,
			);
			name = Frameworks;
			sourceTree = "<group>";
		};
		EDB2693527483925009070F4 = {
			isa = PBXGroup;
			children = (
				EDB2694027483925009070F4 /* Cumulus */,
				EDB2695727483927009070F4 /* CumulusTests */,
				EDB2696127483927009070F4 /* CumulusUITests */,
				EDB2693F27483925009070F4 /* Products */,
				8F2C1105E82B0EEDFE6D621E /* Pods */,
				E77584DAB935290883B16890 /* Frameworks */,
			);
			sourceTree = "<group>";
		};
		EDB2693F27483925009070F4 /* Products */ = {
			isa = PBXGroup;
			children = (
				EDB2693E27483925009070F4 /* Cumulus.app */,
				EDB2695427483927009070F4 /* CumulusTests.xctest */,
				EDB2695E27483927009070F4 /* CumulusUITests.xctest */,
			);
			name = Products;
			sourceTree = "<group>";
		};
		EDB2694027483925009070F4 /* Cumulus */ = {
			isa = PBXGroup;
			children = (
				EDB2694127483925009070F4 /* AppDelegate.swift */,
				EDB2694327483925009070F4 /* SceneDelegate.swift */,
				EDB2694527483925009070F4 /* ViewController.swift */,
				F4918CAD274B2DE700F0D8C5 /* SettingsViewController.swift */,
				EDB2694A27483926009070F4 /* Assets.xcassets */,
				EDB2694C27483926009070F4 /* LaunchScreen.storyboard */,
				EDB2694F27483926009070F4 /* Info.plist */,
				EDA88F40274B1E5200D84AB7 /* CollectionViewCell.swift */,
				EDA88F42274B221F00D84AB7 /* Event.swift */,
				ED81EDAD27595DE8000CC89B /* NetworkManager.swift */,
				ED81EDAF2759615C000CC89B /* User.swift */,
				ED81EDB3275AB1BE000CC89B /* SignUpViewController.swift */,
				ED81EDB7275ABB0B000CC89B /* MainViewController.swift */,
			);
			path = Cumulus;
			sourceTree = "<group>";
		};
		EDB2695727483927009070F4 /* CumulusTests */ = {
			isa = PBXGroup;
			children = (
				EDB2695827483927009070F4 /* CumulusTests.swift */,
			);
			path = CumulusTests;
			sourceTree = "<group>";
		};
		EDB2696127483927009070F4 /* CumulusUITests */ = {
			isa = PBXGroup;
			children = (
				EDB2696227483927009070F4 /* CumulusUITests.swift */,
				EDB2696427483927009070F4 /* CumulusUITestsLaunchTests.swift */,
			);
			path = CumulusUITests;
			sourceTree = "<group>";
		};
/* End PBXGroup section */

/* Begin PBXNativeTarget section */
		EDB2693D27483925009070F4 /* Cumulus */ = {
			isa = PBXNativeTarget;
			buildConfigurationList = EDB2696827483927009070F4 /* Build configuration list for PBXNativeTarget "Cumulus" */;
			buildPhases = (
				F0E126F41B573286C88F17B2 /* [CP] Check Pods Manifest.lock */,
				EDB2693A27483925009070F4 /* Sources */,
				EDB2693B27483925009070F4 /* Frameworks */,
				EDB2693C27483925009070F4 /* Resources */,
				7F0C2EB19FA02D7F6356254D /* [CP] Embed Pods Frameworks */,
			);
			buildRules = (
			);
			dependencies = (
			);
			name = Cumulus;
			productName = Cumulus;
			productReference = EDB2693E27483925009070F4 /* Cumulus.app */;
			productType = "com.apple.product-type.application";
		};
		EDB2695327483927009070F4 /* CumulusTests */ = {
			isa = PBXNativeTarget;
			buildConfigurationList = EDB2696B27483927009070F4 /* Build configuration list for PBXNativeTarget "CumulusTests" */;
			buildPhases = (
				181EFFBBBB3A8F896121B00F /* [CP] Check Pods Manifest.lock */,
				EDB2695027483927009070F4 /* Sources */,
				EDB2695127483927009070F4 /* Frameworks */,
				EDB2695227483927009070F4 /* Resources */,
			);
			buildRules = (
			);
			dependencies = (
				EDB2695627483927009070F4 /* PBXTargetDependency */,
			);
			name = CumulusTests;
			productName = CumulusTests;
			productReference = EDB2695427483927009070F4 /* CumulusTests.xctest */;
			productType = "com.apple.product-type.bundle.unit-test";
		};
		EDB2695D27483927009070F4 /* CumulusUITests */ = {
			isa = PBXNativeTarget;
			buildConfigurationList = EDB2696E27483927009070F4 /* Build configuration list for PBXNativeTarget "CumulusUITests" */;
			buildPhases = (
				B3CC2F9334FFCE966876C4D3 /* [CP] Check Pods Manifest.lock */,
				EDB2695A27483927009070F4 /* Sources */,
				EDB2695B27483927009070F4 /* Frameworks */,
				EDB2695C27483927009070F4 /* Resources */,
				FCDA10F3584E59F5F5BB350B /* [CP] Embed Pods Frameworks */,
			);
			buildRules = (
			);
			dependencies = (
				EDB2696027483927009070F4 /* PBXTargetDependency */,
			);
			name = CumulusUITests;
			productName = CumulusUITests;
			productReference = EDB2695E27483927009070F4 /* CumulusUITests.xctest */;
			productType = "com.apple.product-type.bundle.ui-testing";
		};
/* End PBXNativeTarget section */

/* Begin PBXProject section */
		EDB2693627483925009070F4 /* Project object */ = {
			isa = PBXProject;
			attributes = {
				BuildIndependentTargetsInParallel = 1;
				LastSwiftUpdateCheck = 1310;
				LastUpgradeCheck = 1310;
				TargetAttributes = {
					EDB2693D27483925009070F4 = {
						CreatedOnToolsVersion = 13.1;
					};
					EDB2695327483927009070F4 = {
						CreatedOnToolsVersion = 13.1;
						TestTargetID = EDB2693D27483925009070F4;
					};
					EDB2695D27483927009070F4 = {
						CreatedOnToolsVersion = 13.1;
						TestTargetID = EDB2693D27483925009070F4;
					};
				};
			};
			buildConfigurationList = EDB2693927483925009070F4 /* Build configuration list for PBXProject "Cumulus" */;
			compatibilityVersion = "Xcode 13.0";
			developmentRegion = en;
			hasScannedForEncodings = 0;
			knownRegions = (
				en,
				Base,
			);
			mainGroup = EDB2693527483925009070F4;
			productRefGroup = EDB2693F27483925009070F4 /* Products */;
			projectDirPath = "";
			projectRoot = "";
			targets = (
				EDB2693D27483925009070F4 /* Cumulus */,
				EDB2695327483927009070F4 /* CumulusTests */,
				EDB2695D27483927009070F4 /* CumulusUITests */,
			);
		};
/* End PBXProject section */

/* Begin PBXResourcesBuildPhase section */
		EDB2693C27483925009070F4 /* Resources */ = {
			isa = PBXResourcesBuildPhase;
			buildActionMask = 2147483647;
			files = (
				EDB2694E27483926009070F4 /* LaunchScreen.storyboard in Resources */,
				EDB2694B27483926009070F4 /* Assets.xcassets in Resources */,
			);
			runOnlyForDeploymentPostprocessing = 0;
		};
		EDB2695227483927009070F4 /* Resources */ = {
			isa = PBXResourcesBuildPhase;
			buildActionMask = 2147483647;
			files = (
			);
			runOnlyForDeploymentPostprocessing = 0;
		};
		EDB2695C27483927009070F4 /* Resources */ = {
			isa = PBXResourcesBuildPhase;
			buildActionMask = 2147483647;
			files = (
			);
			runOnlyForDeploymentPostprocessing = 0;
		};
/* End PBXResourcesBuildPhase section */

/* Begin PBXShellScriptBuildPhase section */
		181EFFBBBB3A8F896121B00F /* [CP] Check Pods Manifest.lock */ = {
			isa = PBXShellScriptBuildPhase;
			buildActionMask = 2147483647;
			files = (
			);
			inputFileListPaths = (
			);
			inputPaths = (
				"${PODS_PODFILE_DIR_PATH}/Podfile.lock",
				"${PODS_ROOT}/Manifest.lock",
			);
			name = "[CP] Check Pods Manifest.lock";
			outputFileListPaths = (
			);
			outputPaths = (
				"$(DERIVED_FILE_DIR)/Pods-CumulusTests-checkManifestLockResult.txt",
			);
			runOnlyForDeploymentPostprocessing = 0;
			shellPath = /bin/sh;
			shellScript = "diff \"${PODS_PODFILE_DIR_PATH}/Podfile.lock\" \"${PODS_ROOT}/Manifest.lock\" > /dev/null\nif [ $? != 0 ] ; then\n    # print error to STDERR\n    echo \"error: The sandbox is not in sync with the Podfile.lock. Run 'pod install' or update your CocoaPods installation.\" >&2\n    exit 1\nfi\n# This output is used by Xcode 'outputs' to avoid re-running this script phase.\necho \"SUCCESS\" > \"${SCRIPT_OUTPUT_FILE_0}\"\n";
			showEnvVarsInLog = 0;
		};
		7F0C2EB19FA02D7F6356254D /* [CP] Embed Pods Frameworks */ = {
			isa = PBXShellScriptBuildPhase;
			buildActionMask = 2147483647;
			files = (
			);
			inputFileListPaths = (
				"${PODS_ROOT}/Target Support Files/Pods-Cumulus/Pods-Cumulus-frameworks-${CONFIGURATION}-input-files.xcfilelist",
			);
			name = "[CP] Embed Pods Frameworks";
			outputFileListPaths = (
				"${PODS_ROOT}/Target Support Files/Pods-Cumulus/Pods-Cumulus-frameworks-${CONFIGURATION}-output-files.xcfilelist",
			);
			runOnlyForDeploymentPostprocessing = 0;
			shellPath = /bin/sh;
			shellScript = "\"${PODS_ROOT}/Target Support Files/Pods-Cumulus/Pods-Cumulus-frameworks.sh\"\n";
			showEnvVarsInLog = 0;
		};
		B3CC2F9334FFCE966876C4D3 /* [CP] Check Pods Manifest.lock */ = {
			isa = PBXShellScriptBuildPhase;
			buildActionMask = 2147483647;
			files = (
			);
			inputFileListPaths = (
			);
			inputPaths = (
				"${PODS_PODFILE_DIR_PATH}/Podfile.lock",
				"${PODS_ROOT}/Manifest.lock",
			);
			name = "[CP] Check Pods Manifest.lock";
			outputFileListPaths = (
			);
			outputPaths = (
				"$(DERIVED_FILE_DIR)/Pods-Cumulus-CumulusUITests-checkManifestLockResult.txt",
			);
			runOnlyForDeploymentPostprocessing = 0;
			shellPath = /bin/sh;
			shellScript = "diff \"${PODS_PODFILE_DIR_PATH}/Podfile.lock\" \"${PODS_ROOT}/Manifest.lock\" > /dev/null\nif [ $? != 0 ] ; then\n    # print error to STDERR\n    echo \"error: The sandbox is not in sync with the Podfile.lock. Run 'pod install' or update your CocoaPods installation.\" >&2\n    exit 1\nfi\n# This output is used by Xcode 'outputs' to avoid re-running this script phase.\necho \"SUCCESS\" > \"${SCRIPT_OUTPUT_FILE_0}\"\n";
			showEnvVarsInLog = 0;
		};
		F0E126F41B573286C88F17B2 /* [CP] Check Pods Manifest.lock */ = {
			isa = PBXShellScriptBuildPhase;
			buildActionMask = 2147483647;
			files = (
			);
			inputFileListPaths = (
			);
			inputPaths = (
				"${PODS_PODFILE_DIR_PATH}/Podfile.lock",
				"${PODS_ROOT}/Manifest.lock",
			);
			name = "[CP] Check Pods Manifest.lock";
			outputFileListPaths = (
			);
			outputPaths = (
				"$(DERIVED_FILE_DIR)/Pods-Cumulus-checkManifestLockResult.txt",
			);
			runOnlyForDeploymentPostprocessing = 0;
			shellPath = /bin/sh;
			shellScript = "diff \"${PODS_PODFILE_DIR_PATH}/Podfile.lock\" \"${PODS_ROOT}/Manifest.lock\" > /dev/null\nif [ $? != 0 ] ; then\n    # print error to STDERR\n    echo \"error: The sandbox is not in sync with the Podfile.lock. Run 'pod install' or update your CocoaPods installation.\" >&2\n    exit 1\nfi\n# This output is used by Xcode 'outputs' to avoid re-running this script phase.\necho \"SUCCESS\" > \"${SCRIPT_OUTPUT_FILE_0}\"\n";
			showEnvVarsInLog = 0;
		};
		FCDA10F3584E59F5F5BB350B /* [CP] Embed Pods Frameworks */ = {
			isa = PBXShellScriptBuildPhase;
			buildActionMask = 2147483647;
			files = (
			);
			inputFileListPaths = (
				"${PODS_ROOT}/Target Support Files/Pods-Cumulus-CumulusUITests/Pods-Cumulus-CumulusUITests-frameworks-${CONFIGURATION}-input-files.xcfilelist",
			);
			name = "[CP] Embed Pods Frameworks";
			outputFileListPaths = (
				"${PODS_ROOT}/Target Support Files/Pods-Cumulus-CumulusUITests/Pods-Cumulus-CumulusUITests-frameworks-${CONFIGURATION}-output-files.xcfilelist",
			);
			runOnlyForDeploymentPostprocessing = 0;
			shellPath = /bin/sh;
			shellScript = "\"${PODS_ROOT}/Target Support Files/Pods-Cumulus-CumulusUITests/Pods-Cumulus-CumulusUITests-frameworks.sh\"\n";
			showEnvVarsInLog = 0;
		};
/* End PBXShellScriptBuildPhase section */

/* Begin PBXSourcesBuildPhase section */
		EDB2693A27483925009070F4 /* Sources */ = {
			isa = PBXSourcesBuildPhase;
			buildActionMask = 2147483647;
			files = (
				ED81EDB4275AB1BE000CC89B /* SignUpViewController.swift in Sources */,
				ED81EDB8275ABB0B000CC89B /* MainViewController.swift in Sources */,
				EDB2694627483925009070F4 /* ViewController.swift in Sources */,
				EDB2694227483925009070F4 /* AppDelegate.swift in Sources */,
				EDA88F41274B1E5200D84AB7 /* CollectionViewCell.swift in Sources */,
				EDB2694427483925009070F4 /* SceneDelegate.swift in Sources */,
				ED81EDAE27595DE8000CC89B /* NetworkManager.swift in Sources */,
				ED81EDB02759615C000CC89B /* User.swift in Sources */,
				EDA88F43274B221F00D84AB7 /* Event.swift in Sources */,
				F4918CAE274B2DE700F0D8C5 /* SettingsViewController.swift in Sources */,
			);
			runOnlyForDeploymentPostprocessing = 0;
		};
		EDB2695027483927009070F4 /* Sources */ = {
			isa = PBXSourcesBuildPhase;
			buildActionMask = 2147483647;
			files = (
				EDB2695927483927009070F4 /* CumulusTests.swift in Sources */,
			);
			runOnlyForDeploymentPostprocessing = 0;
		};
		EDB2695A27483927009070F4 /* Sources */ = {
			isa = PBXSourcesBuildPhase;
			buildActionMask = 2147483647;
			files = (
				EDB2696327483927009070F4 /* CumulusUITests.swift in Sources */,
				EDB2696527483927009070F4 /* CumulusUITestsLaunchTests.swift in Sources */,
			);
			runOnlyForDeploymentPostprocessing = 0;
		};
/* End PBXSourcesBuildPhase section */

/* Begin PBXTargetDependency section */
		EDB2695627483927009070F4 /* PBXTargetDependency */ = {
			isa = PBXTargetDependency;
			target = EDB2693D27483925009070F4 /* Cumulus */;
			targetProxy = EDB2695527483927009070F4 /* PBXContainerItemProxy */;
		};
		EDB2696027483927009070F4 /* PBXTargetDependency */ = {
			isa = PBXTargetDependency;
			target = EDB2693D27483925009070F4 /* Cumulus */;
			targetProxy = EDB2695F27483927009070F4 /* PBXContainerItemProxy */;
		};
/* End PBXTargetDependency section */

/* Begin PBXVariantGroup section */
		EDB2694C27483926009070F4 /* LaunchScreen.storyboard */ = {
			isa = PBXVariantGroup;
			children = (
				EDB2694D27483926009070F4 /* Base */,
			);
			name = LaunchScreen.storyboard;
			sourceTree = "<group>";
		};
/* End PBXVariantGroup section */

/* Begin XCBuildConfiguration section */
		EDB2696627483927009070F4 /* Debug */ = {
			isa = XCBuildConfiguration;
			buildSettings = {
				ALWAYS_SEARCH_USER_PATHS = NO;
				CLANG_ANALYZER_NONNULL = YES;
				CLANG_ANALYZER_NUMBER_OBJECT_CONVERSION = YES_AGGRESSIVE;
				CLANG_CXX_LANGUAGE_STANDARD = "gnu++17";
				CLANG_CXX_LIBRARY = "libc++";
				CLANG_ENABLE_MODULES = YES;
				CLANG_ENABLE_OBJC_ARC = YES;
				CLANG_ENABLE_OBJC_WEAK = YES;
				CLANG_WARN_BLOCK_CAPTURE_AUTORELEASING = YES;
				CLANG_WARN_BOOL_CONVERSION = YES;
				CLANG_WARN_COMMA = YES;
				CLANG_WARN_CONSTANT_CONVERSION = YES;
				CLANG_WARN_DEPRECATED_OBJC_IMPLEMENTATIONS = YES;
				CLANG_WARN_DIRECT_OBJC_ISA_USAGE = YES_ERROR;
				CLANG_WARN_DOCUMENTATION_COMMENTS = YES;
				CLANG_WARN_EMPTY_BODY = YES;
				CLANG_WARN_ENUM_CONVERSION = YES;
				CLANG_WARN_INFINITE_RECURSION = YES;
				CLANG_WARN_INT_CONVERSION = YES;
				CLANG_WARN_NON_LITERAL_NULL_CONVERSION = YES;
				CLANG_WARN_OBJC_IMPLICIT_RETAIN_SELF = YES;
				CLANG_WARN_OBJC_LITERAL_CONVERSION = YES;
				CLANG_WARN_OBJC_ROOT_CLASS = YES_ERROR;
				CLANG_WARN_QUOTED_INCLUDE_IN_FRAMEWORK_HEADER = YES;
				CLANG_WARN_RANGE_LOOP_ANALYSIS = YES;
				CLANG_WARN_STRICT_PROTOTYPES = YES;
				CLANG_WARN_SUSPICIOUS_MOVE = YES;
				CLANG_WARN_UNGUARDED_AVAILABILITY = YES_AGGRESSIVE;
				CLANG_WARN_UNREACHABLE_CODE = YES;
				CLANG_WARN__DUPLICATE_METHOD_MATCH = YES;
				COPY_PHASE_STRIP = NO;
				DEBUG_INFORMATION_FORMAT = dwarf;
				ENABLE_STRICT_OBJC_MSGSEND = YES;
				ENABLE_TESTABILITY = YES;
				GCC_C_LANGUAGE_STANDARD = gnu11;
				GCC_DYNAMIC_NO_PIC = NO;
				GCC_NO_COMMON_BLOCKS = YES;
				GCC_OPTIMIZATION_LEVEL = 0;
				GCC_PREPROCESSOR_DEFINITIONS = (
					"DEBUG=1",
					"$(inherited)",
				);
				GCC_WARN_64_TO_32_BIT_CONVERSION = YES;
				GCC_WARN_ABOUT_RETURN_TYPE = YES_ERROR;
				GCC_WARN_UNDECLARED_SELECTOR = YES;
				GCC_WARN_UNINITIALIZED_AUTOS = YES_AGGRESSIVE;
				GCC_WARN_UNUSED_FUNCTION = YES;
				GCC_WARN_UNUSED_VARIABLE = YES;
				IPHONEOS_DEPLOYMENT_TARGET = 15.0;
				MTL_ENABLE_DEBUG_INFO = INCLUDE_SOURCE;
				MTL_FAST_MATH = YES;
				ONLY_ACTIVE_ARCH = YES;
				SDKROOT = iphoneos;
				SWIFT_ACTIVE_COMPILATION_CONDITIONS = DEBUG;
				SWIFT_OPTIMIZATION_LEVEL = "-Onone";
			};
			name = Debug;
		};
		EDB2696727483927009070F4 /* Release */ = {
			isa = XCBuildConfiguration;
			buildSettings = {
				ALWAYS_SEARCH_USER_PATHS = NO;
				CLANG_ANALYZER_NONNULL = YES;
				CLANG_ANALYZER_NUMBER_OBJECT_CONVERSION = YES_AGGRESSIVE;
				CLANG_CXX_LANGUAGE_STANDARD = "gnu++17";
				CLANG_CXX_LIBRARY = "libc++";
				CLANG_ENABLE_MODULES = YES;
				CLANG_ENABLE_OBJC_ARC = YES;
				CLANG_ENABLE_OBJC_WEAK = YES;
				CLANG_WARN_BLOCK_CAPTURE_AUTORELEASING = YES;
				CLANG_WARN_BOOL_CONVERSION = YES;
				CLANG_WARN_COMMA = YES;
				CLANG_WARN_CONSTANT_CONVERSION = YES;
				CLANG_WARN_DEPRECATED_OBJC_IMPLEMENTATIONS = YES;
				CLANG_WARN_DIRECT_OBJC_ISA_USAGE = YES_ERROR;
				CLANG_WARN_DOCUMENTATION_COMMENTS = YES;
				CLANG_WARN_EMPTY_BODY = YES;
				CLANG_WARN_ENUM_CONVERSION = YES;
				CLANG_WARN_INFINITE_RECURSION = YES;
				CLANG_WARN_INT_CONVERSION = YES;
				CLANG_WARN_NON_LITERAL_NULL_CONVERSION = YES;
				CLANG_WARN_OBJC_IMPLICIT_RETAIN_SELF = YES;
				CLANG_WARN_OBJC_LITERAL_CONVERSION = YES;
				CLANG_WARN_OBJC_ROOT_CLASS = YES_ERROR;
				CLANG_WARN_QUOTED_INCLUDE_IN_FRAMEWORK_HEADER = YES;
				CLANG_WARN_RANGE_LOOP_ANALYSIS = YES;
				CLANG_WARN_STRICT_PROTOTYPES = YES;
				CLANG_WARN_SUSPICIOUS_MOVE = YES;
				CLANG_WARN_UNGUARDED_AVAILABILITY = YES_AGGRESSIVE;
				CLANG_WARN_UNREACHABLE_CODE = YES;
				CLANG_WARN__DUPLICATE_METHOD_MATCH = YES;
				COPY_PHASE_STRIP = NO;
				DEBUG_INFORMATION_FORMAT = "dwarf-with-dsym";
				ENABLE_NS_ASSERTIONS = NO;
				ENABLE_STRICT_OBJC_MSGSEND = YES;
				GCC_C_LANGUAGE_STANDARD = gnu11;
				GCC_NO_COMMON_BLOCKS = YES;
				GCC_WARN_64_TO_32_BIT_CONVERSION = YES;
				GCC_WARN_ABOUT_RETURN_TYPE = YES_ERROR;
				GCC_WARN_UNDECLARED_SELECTOR = YES;
				GCC_WARN_UNINITIALIZED_AUTOS = YES_AGGRESSIVE;
				GCC_WARN_UNUSED_FUNCTION = YES;
				GCC_WARN_UNUSED_VARIABLE = YES;
				IPHONEOS_DEPLOYMENT_TARGET = 15.0;
				MTL_ENABLE_DEBUG_INFO = NO;
				MTL_FAST_MATH = YES;
				SDKROOT = iphoneos;
				SWIFT_COMPILATION_MODE = wholemodule;
				SWIFT_OPTIMIZATION_LEVEL = "-O";
				VALIDATE_PRODUCT = YES;
			};
			name = Release;
		};
		EDB2696927483927009070F4 /* Debug */ = {
			isa = XCBuildConfiguration;
			baseConfigurationReference = 6F3338CDC887A29E8452ABFC /* Pods-Cumulus.debug.xcconfig */;
			buildSettings = {
				ASSETCATALOG_COMPILER_APPICON_NAME = AppIcon;
				ASSETCATALOG_COMPILER_GLOBAL_ACCENT_COLOR_NAME = AccentColor;
				CODE_SIGN_STYLE = Automatic;
				CURRENT_PROJECT_VERSION = 1;
				GENERATE_INFOPLIST_FILE = YES;
				INFOPLIST_FILE = Cumulus/Info.plist;
				INFOPLIST_KEY_NSCalendarsUsageDescription = "Cumulus wants to access your calendar events";
				INFOPLIST_KEY_NSLocationAlwaysAndWhenInUseUsageDescription = "Cumulus wants to use your location";
				INFOPLIST_KEY_NSLocationAlwaysUsageDescription = "Cumulus wants to use your location";
				INFOPLIST_KEY_NSLocationWhenInUseUsageDescription = "Cumulus wants to use your location";
				INFOPLIST_KEY_UIApplicationSupportsIndirectInputEvents = YES;
				INFOPLIST_KEY_UILaunchStoryboardName = LaunchScreen;
				INFOPLIST_KEY_UIMainStoryboardFile = LaunchScreen;
				INFOPLIST_KEY_UISupportedInterfaceOrientations_iPad = "UIInterfaceOrientationPortrait UIInterfaceOrientationPortraitUpsideDown UIInterfaceOrientationLandscapeLeft UIInterfaceOrientationLandscapeRight";
				INFOPLIST_KEY_UISupportedInterfaceOrientations_iPhone = "UIInterfaceOrientationPortrait UIInterfaceOrientationLandscapeLeft UIInterfaceOrientationLandscapeRight";
				LD_RUNPATH_SEARCH_PATHS = (
					"$(inherited)",
					"@executable_path/Frameworks",
				);
				MARKETING_VERSION = 1.0;
				PRODUCT_BUNDLE_IDENTIFIER = AdamCahall.Cumulus;
				PRODUCT_NAME = "$(TARGET_NAME)";
				SWIFT_EMIT_LOC_STRINGS = YES;
				SWIFT_VERSION = 5.0;
				TARGETED_DEVICE_FAMILY = "1,2";
			};
			name = Debug;
		};
		EDB2696A27483927009070F4 /* Release */ = {
			isa = XCBuildConfiguration;
			baseConfigurationReference = 7A93AB853EC094C38F1EC783 /* Pods-Cumulus.release.xcconfig */;
			buildSettings = {
				ASSETCATALOG_COMPILER_APPICON_NAME = AppIcon;
				ASSETCATALOG_COMPILER_GLOBAL_ACCENT_COLOR_NAME = AccentColor;
				CODE_SIGN_STYLE = Automatic;
				CURRENT_PROJECT_VERSION = 1;
				GENERATE_INFOPLIST_FILE = YES;
				INFOPLIST_FILE = Cumulus/Info.plist;
				INFOPLIST_KEY_NSCalendarsUsageDescription = "Cumulus wants to access your calendar events";
				INFOPLIST_KEY_NSLocationAlwaysAndWhenInUseUsageDescription = "Cumulus wants to use your location";
				INFOPLIST_KEY_NSLocationAlwaysUsageDescription = "Cumulus wants to use your location";
				INFOPLIST_KEY_NSLocationWhenInUseUsageDescription = "Cumulus wants to use your location";
				INFOPLIST_KEY_UIApplicationSupportsIndirectInputEvents = YES;
				INFOPLIST_KEY_UILaunchStoryboardName = LaunchScreen;
				INFOPLIST_KEY_UIMainStoryboardFile = LaunchScreen;
				INFOPLIST_KEY_UISupportedInterfaceOrientations_iPad = "UIInterfaceOrientationPortrait UIInterfaceOrientationPortraitUpsideDown UIInterfaceOrientationLandscapeLeft UIInterfaceOrientationLandscapeRight";
				INFOPLIST_KEY_UISupportedInterfaceOrientations_iPhone = "UIInterfaceOrientationPortrait UIInterfaceOrientationLandscapeLeft UIInterfaceOrientationLandscapeRight";
				LD_RUNPATH_SEARCH_PATHS = (
					"$(inherited)",
					"@executable_path/Frameworks",
				);
				MARKETING_VERSION = 1.0;
				PRODUCT_BUNDLE_IDENTIFIER = AdamCahall.Cumulus;
				PRODUCT_NAME = "$(TARGET_NAME)";
				SWIFT_EMIT_LOC_STRINGS = YES;
				SWIFT_VERSION = 5.0;
				TARGETED_DEVICE_FAMILY = "1,2";
			};
			name = Release;
		};
		EDB2696C27483927009070F4 /* Debug */ = {
			isa = XCBuildConfiguration;
			baseConfigurationReference = C95CD54BC8A2EEC0910BA8E3 /* Pods-CumulusTests.debug.xcconfig */;
			buildSettings = {
				ALWAYS_EMBED_SWIFT_STANDARD_LIBRARIES = YES;
				BUNDLE_LOADER = "$(TEST_HOST)";
				CODE_SIGN_STYLE = Automatic;
				CURRENT_PROJECT_VERSION = 1;
				GENERATE_INFOPLIST_FILE = YES;
				IPHONEOS_DEPLOYMENT_TARGET = 15.0;
				LD_RUNPATH_SEARCH_PATHS = (
					"$(inherited)",
					"@executable_path/Frameworks",
					"@loader_path/Frameworks",
				);
				MARKETING_VERSION = 1.0;
				PRODUCT_BUNDLE_IDENTIFIER = AdamCahall.CumulusTests;
				PRODUCT_NAME = "$(TARGET_NAME)";
				SWIFT_EMIT_LOC_STRINGS = NO;
				SWIFT_VERSION = 5.0;
				TARGETED_DEVICE_FAMILY = "1,2";
				TEST_HOST = "$(BUILT_PRODUCTS_DIR)/Cumulus.app/Cumulus";
			};
			name = Debug;
		};
		EDB2696D27483927009070F4 /* Release */ = {
			isa = XCBuildConfiguration;
			baseConfigurationReference = B4ACB0A0A333EF903F5EC3CE /* Pods-CumulusTests.release.xcconfig */;
			buildSettings = {
				ALWAYS_EMBED_SWIFT_STANDARD_LIBRARIES = YES;
				BUNDLE_LOADER = "$(TEST_HOST)";
				CODE_SIGN_STYLE = Automatic;
				CURRENT_PROJECT_VERSION = 1;
				GENERATE_INFOPLIST_FILE = YES;
				IPHONEOS_DEPLOYMENT_TARGET = 15.0;
				LD_RUNPATH_SEARCH_PATHS = (
					"$(inherited)",
					"@executable_path/Frameworks",
					"@loader_path/Frameworks",
				);
				MARKETING_VERSION = 1.0;
				PRODUCT_BUNDLE_IDENTIFIER = AdamCahall.CumulusTests;
				PRODUCT_NAME = "$(TARGET_NAME)";
				SWIFT_EMIT_LOC_STRINGS = NO;
				SWIFT_VERSION = 5.0;
				TARGETED_DEVICE_FAMILY = "1,2";
				TEST_HOST = "$(BUILT_PRODUCTS_DIR)/Cumulus.app/Cumulus";
			};
			name = Release;
		};
		EDB2696F27483927009070F4 /* Debug */ = {
			isa = XCBuildConfiguration;
			baseConfigurationReference = 7400BC7B49747BB272DFFE97 /* Pods-Cumulus-CumulusUITests.debug.xcconfig */;
			buildSettings = {
				ALWAYS_EMBED_SWIFT_STANDARD_LIBRARIES = YES;
				CODE_SIGN_STYLE = Automatic;
				CURRENT_PROJECT_VERSION = 1;
				GENERATE_INFOPLIST_FILE = YES;
				LD_RUNPATH_SEARCH_PATHS = (
					"$(inherited)",
					"@executable_path/Frameworks",
					"@loader_path/Frameworks",
				);
				MARKETING_VERSION = 1.0;
				PRODUCT_BUNDLE_IDENTIFIER = AdamCahall.CumulusUITests;
				PRODUCT_NAME = "$(TARGET_NAME)";
				SWIFT_EMIT_LOC_STRINGS = NO;
				SWIFT_VERSION = 5.0;
				TARGETED_DEVICE_FAMILY = "1,2";
				TEST_TARGET_NAME = Cumulus;
			};
			name = Debug;
		};
		EDB2697027483927009070F4 /* Release */ = {
			isa = XCBuildConfiguration;
			baseConfigurationReference = BEEEBF1B35123601447AD573 /* Pods-Cumulus-CumulusUITests.release.xcconfig */;
			buildSettings = {
				ALWAYS_EMBED_SWIFT_STANDARD_LIBRARIES = YES;
				CODE_SIGN_STYLE = Automatic;
				CURRENT_PROJECT_VERSION = 1;
				GENERATE_INFOPLIST_FILE = YES;
				LD_RUNPATH_SEARCH_PATHS = (
					"$(inherited)",
					"@executable_path/Frameworks",
					"@loader_path/Frameworks",
				);
				MARKETING_VERSION = 1.0;
				PRODUCT_BUNDLE_IDENTIFIER = AdamCahall.CumulusUITests;
				PRODUCT_NAME = "$(TARGET_NAME)";
				SWIFT_EMIT_LOC_STRINGS = NO;
				SWIFT_VERSION = 5.0;
				TARGETED_DEVICE_FAMILY = "1,2";
				TEST_TARGET_NAME = Cumulus;
			};
			name = Release;
		};
/* End XCBuildConfiguration section */

/* Begin XCConfigurationList section */
		EDB2693927483925009070F4 /* Build configuration list for PBXProject "Cumulus" */ = {
			isa = XCConfigurationList;
			buildConfigurations = (
				EDB2696627483927009070F4 /* Debug */,
				EDB2696727483927009070F4 /* Release */,
			);
			defaultConfigurationIsVisible = 0;
			defaultConfigurationName = Release;
		};
		EDB2696827483927009070F4 /* Build configuration list for PBXNativeTarget "Cumulus" */ = {
			isa = XCConfigurationList;
			buildConfigurations = (
				EDB2696927483927009070F4 /* Debug */,
				EDB2696A27483927009070F4 /* Release */,
			);
			defaultConfigurationIsVisible = 0;
			defaultConfigurationName = Release;
		};
		EDB2696B27483927009070F4 /* Build configuration list for PBXNativeTarget "CumulusTests" */ = {
			isa = XCConfigurationList;
			buildConfigurations = (
				EDB2696C27483927009070F4 /* Debug */,
				EDB2696D27483927009070F4 /* Release */,
			);
			defaultConfigurationIsVisible = 0;
			defaultConfigurationName = Release;
		};
		EDB2696E27483927009070F4 /* Build configuration list for PBXNativeTarget "CumulusUITests" */ = {
			isa = XCConfigurationList;
			buildConfigurations = (
				EDB2696F27483927009070F4 /* Debug */,
				EDB2697027483927009070F4 /* Release */,
			);
			defaultConfigurationIsVisible = 0;
			defaultConfigurationName = Release;
		};
/* End XCConfigurationList section */
	};
	rootObject = EDB2693627483925009070F4 /* Project object */;
}
